
Microsoft Visual Studio Solution File, Format Version 12.00
# Visual Studio Version 17
VisualStudioVersion = 17.14.36109.1
MinimumVisualStudioVersion = 10.0.40219.1
Project("{FAE04EC0-301F-11D3-BF4B-00C04F79EFBC}") = "ZYHDotNetCore.ConsoleApp", "ZYHDotNetCore.ConsoleApp\ZYHDotNetCore.ConsoleApp.csproj", "{24E48414-B6FA-45DB-8C39-38EA11694895}"
EndProject
Project("{FAE04EC0-301F-11D3-BF4B-00C04F79EFBC}") = "ZYHDotNetCore.Database", "ZYHDotNetCore.Database\ZYHDotNetCore.Database.csproj", "{D9107125-AD8F-4C0F-A571-229D2151CD1C}"
EndProject
Project("{FAE04EC0-301F-11D3-BF4B-00C04F79EFBC}") = "ZYHDotNetCore.ConsoleApp1", "ZYHDotNetCore.ConsoleApp1\ZYHDotNetCore.ConsoleApp1.csproj", "{5C903C92-6021-426F-B441-4F60C213C51A}"
EndProject
Project("{FAE04EC0-301F-11D3-BF4B-00C04F79EFBC}") = "ZYHDotNetCore.RestApi", "ZYHDotNetCore.RestApi\ZYHDotNetCore.RestApi.csproj", "{E129F4C5-6F1B-42ED-BE70-FDC2698720A4}"
EndProject
Project("{FAE04EC0-301F-11D3-BF4B-00C04F79EFBC}") = "ZYHDotNetCore.ShareProject", "ZYHDotNetCore.ShareProject\ZYHDotNetCore.ShareProject.csproj", "{33763754-42A4-4868-BB13-7AB3ACE766CB}"
EndProject
Global
	GlobalSection(SolutionConfigurationPlatforms) = preSolution
		Debug|Any CPU = Debug|Any CPU
		Release|Any CPU = Release|Any CPU
	EndGlobalSection
	GlobalSection(ProjectConfigurationPlatforms) = postSolution
		{24E48414-B6FA-45DB-8C39-38EA11694895}.Debug|Any CPU.ActiveCfg = Debug|Any CPU
		{24E48414-B6FA-45DB-8C39-38EA11694895}.Debug|Any CPU.Build.0 = Debug|Any CPU
		{24E48414-B6FA-45DB-8C39-38EA11694895}.Release|Any CPU.ActiveCfg = Release|Any CPU
		{24E48414-B6FA-45DB-8C39-38EA11694895}.Release|Any CPU.Build.0 = Release|Any CPU
		{D9107125-AD8F-4C0F-A571-229D2151CD1C}.Debug|Any CPU.ActiveCfg = Debug|Any CPU
		{D9107125-AD8F-4C0F-A571-229D2151CD1C}.Debug|Any CPU.Build.0 = Debug|Any CPU
		{D9107125-AD8F-4C0F-A571-229D2151CD1C}.Release|Any CPU.ActiveCfg = Release|Any CPU
		{D9107125-AD8F-4C0F-A571-229D2151CD1C}.Release|Any CPU.Build.0 = Release|Any CPU
		{5C903C92-6021-426F-B441-4F60C213C51A}.Debug|Any CPU.ActiveCfg = Debug|Any CPU
		{5C903C92-6021-426F-B441-4F60C213C51A}.Debug|Any CPU.Build.0 = Debug|Any CPU
		{5C903C92-6021-426F-B441-4F60C213C51A}.Release|Any CPU.ActiveCfg = Release|Any CPU
		{5C903C92-6021-426F-B441-4F60C213C51A}.Release|Any CPU.Build.0 = Release|Any CPU
		{E129F4C5-6F1B-42ED-BE70-FDC2698720A4}.Debug|Any CPU.ActiveCfg = Debug|Any CPU
		{E129F4C5-6F1B-42ED-BE70-FDC2698720A4}.Debug|Any CPU.Build.0 = Debug|Any CPU
		{E129F4C5-6F1B-42ED-BE70-FDC2698720A4}.Release|Any CPU.ActiveCfg = Release|Any CPU
		{E129F4C5-6F1B-42ED-BE70-FDC2698720A4}.Release|Any CPU.Build.0 = Release|Any CPU
		{33763754-42A4-4868-BB13-7AB3ACE766CB}.Debug|Any CPU.ActiveCfg = Debug|Any CPU
		{33763754-42A4-4868-BB13-7AB3ACE766CB}.Debug|Any CPU.Build.0 = Debug|Any CPU
		{33763754-42A4-4868-BB13-7AB3ACE766CB}.Release|Any CPU.ActiveCfg = Release|Any CPU
		{33763754-42A4-4868-BB13-7AB3ACE766CB}.Release|Any CPU.Build.0 = Release|Any CPU
	EndGlobalSection
	GlobalSection(SolutionProperties) = preSolution
		HideSolutionNode = FALSE
	EndGlobalSection
	GlobalSection(ExtensibilityGlobals) = postSolution
		SolutionGuid = {B826C22F-3151-4D11-A1B7-F732EFF09FB0}
	EndGlobalSection
EndGlobal
